
Microsoft Visual Studio Solution File, Format Version 12.00
# Visual Studio Version 17
VisualStudioVersion = 17.9.34723.18
MinimumVisualStudioVersion = 10.0.40219.1
Project("{8BC9CEB8-8B4A-11D0-8D11-00A0C91BC942}") = "Graph", "Graph\Graph.vcxproj", "{B2948750-A323-4A03-BB16-B6D9078BF1B9}"
EndProject
Global
	GlobalSection(SolutionConfigurationPlatforms) = preSolution
		Debug|x64 = Debug|x64
		Debug|x86 = Debug|x86
		Release|x64 = Release|x64
		Release|x86 = Release|x86
	EndGlobalSection
	GlobalSection(ProjectConfigurationPlatforms) = postSolution
		{B2948750-A323-4A03-BB16-B6D9078BF1B9}.Debug|x64.ActiveCfg = Debug|x64
		{B2948750-A323-4A03-BB16-B6D9078BF1B9}.Debug|x64.Build.0 = Debug|x64
		{B2948750-A323-4A03-BB16-B6D9078BF1B9}.Debug|x86.ActiveCfg = Debug|Win32
		{B2948750-A323-4A03-BB16-B6D9078BF1B9}.Debug|x86.Build.0 = Debug|Win32
		{B2948750-A323-4A03-BB16-B6D9078BF1B9}.Release|x64.ActiveCfg = Release|x64
		{B2948750-A323-4A03-BB16-B6D9078BF1B9}.Release|x64.Build.0 = Release|x64
		{B2948750-A323-4A03-BB16-B6D9078BF1B9}.Release|x86.ActiveCfg = Release|Win32
		{B2948750-A323-4A03-BB16-B6D9078BF1B9}.Release|x86.Build.0 = Release|Win32
	EndGlobalSection
	GlobalSection(SolutionProperties) = preSolution
		HideSolutionNode = FALSE
	EndGlobalSection
	GlobalSection(ExtensibilityGlobals) = postSolution
		SolutionGuid = {ED92D83C-376C-4098-8E42-B0D071160D21}
	EndGlobalSection
EndGlobal
